
Microsoft Visual Studio Solution File, Format Version 12.00
# Visual Studio Version 16
VisualStudioVersion = 16.0.29926.136
MinimumVisualStudioVersion = 10.0.40219.1
Project("{F184B08F-C81C-45F6-A57F-5ABD9991F28F}") = "SimpleATM", "SimpleATM\SimpleATM.vbproj", "{3B850AE6-71B1-430A-B581-CA8E5C630EE2}"
EndProject
Global
	GlobalSection(SolutionConfigurationPlatforms) = preSolution
		Debug|Any CPU = Debug|Any CPU
		Release|Any CPU = Release|Any CPU
	EndGlobalSection
	GlobalSection(ProjectConfigurationPlatforms) = postSolution
		{3B850AE6-71B1-430A-B581-CA8E5C630EE2}.Debug|Any CPU.ActiveCfg = Debug|Any CPU
		{3B850AE6-71B1-430A-B581-CA8E5C630EE2}.Debug|Any CPU.Build.0 = Debug|Any CPU
		{3B850AE6-71B1-430A-B581-CA8E5C630EE2}.Release|Any CPU.ActiveCfg = Release|Any CPU
		{3B850AE6-71B1-430A-B581-CA8E5C630EE2}.Release|Any CPU.Build.0 = Release|Any CPU
	EndGlobalSection
	GlobalSection(SolutionProperties) = preSolution
		HideSolutionNode = FALSE
	EndGlobalSection
	GlobalSection(ExtensibilityGlobals) = postSolution
		SolutionGuid = {F4E15D16-2419-45EF-A432-E73B6114CDA3}
	EndGlobalSection
EndGlobal
